// !$*UTF8*$!
{
	archiveVersion = 1;
	classes = {
	};
	objectVersion = 56;
	objects = {

/* Begin PBXBuildFile section */
		3E05B8FA2B3B4DB000EE399E /* FeatureDetailView.swift in Sources */ = {isa = PBXBuildFile; fileRef = 3E05B8F92B3B4DB000EE399E /* FeatureDetailView.swift */; };
		3E05B8FC2B3B57BA00EE399E /* Localizable.xcstrings in Resources */ = {isa = PBXBuildFile; fileRef = 3E05B8FB2B3B57BA00EE399E /* Localizable.xcstrings */; };
		3E26CC112AB5CF80005F4475 /* PSUArboretumApp.swift in Sources */ = {isa = PBXBuildFile; fileRef = 3E26CC102AB5CF80005F4475 /* PSUArboretumApp.swift */; };
		3E26CC132AB5CF80005F4475 /* MapView.swift in Sources */ = {isa = PBXBuildFile; fileRef = 3E26CC122AB5CF80005F4475 /* MapView.swift */; };
		3E26CC152AB5CF80005F4475 /* Assets.xcassets in Resources */ = {isa = PBXBuildFile; fileRef = 3E26CC142AB5CF80005F4475 /* Assets.xcassets */; };
		3E26CC182AB5CF80005F4475 /* Preview Assets.xcassets in Resources */ = {isa = PBXBuildFile; fileRef = 3E26CC172AB5CF80005F4475 /* Preview Assets.xcassets */; };
		3E26CC1F2AB5D64D005F4475 /* raw.json in Resources */ = {isa = PBXBuildFile; fileRef = 3E26CC1E2AB5D64C005F4475 /* raw.json */; };
		3E26CC222AB5D938005F4475 /* ArboretumFeature.swift in Sources */ = {isa = PBXBuildFile; fileRef = 3E26CC212AB5D938005F4475 /* ArboretumFeature.swift */; };
		3E26CC242AB5E3C4005F4475 /* DataReader.swift in Sources */ = {isa = PBXBuildFile; fileRef = 3E26CC232AB5E3C4005F4475 /* DataReader.swift */; };
		3E26CC3A2AB5FB6E005F4475 /* MapReducer.swift in Sources */ = {isa = PBXBuildFile; fileRef = 3E26CC392AB5FB6E005F4475 /* MapReducer.swift */; };
		3EA598B02B3B6F26004B856E /* Colors.swift in Sources */ = {isa = PBXBuildFile; fileRef = 3EA598AF2B3B6F26004B856E /* Colors.swift */; };
		3EA598B22B3B721F004B856E /* Extensions.swift in Sources */ = {isa = PBXBuildFile; fileRef = 3EA598B12B3B721F004B856E /* Extensions.swift */; };
		3EA598B42B3B7832004B856E /* ArboOutlineButtonStyle.swift in Sources */ = {isa = PBXBuildFile; fileRef = 3EA598B32B3B7832004B856E /* ArboOutlineButtonStyle.swift */; };
		3EEDE07A2AB62D4B0087AFBF /* ArboEsriData.swift in Sources */ = {isa = PBXBuildFile; fileRef = 3EEDE0792AB62D4B0087AFBF /* ArboEsriData.swift */; };
		3EEE94A92B3C5F4600DFE10F /* RealmArboretumFeature.swift in Sources */ = {isa = PBXBuildFile; fileRef = 3EEE94A82B3C5F4600DFE10F /* RealmArboretumFeature.swift */; };
		3EEE94AB2B3C62CE00DFE10F /* AppReducer.swift in Sources */ = {isa = PBXBuildFile; fileRef = 3EEE94AA2B3C62CE00DFE10F /* AppReducer.swift */; };
		3EEE94AD2B3C838B00DFE10F /* AppView.swift in Sources */ = {isa = PBXBuildFile; fileRef = 3EEE94AC2B3C838B00DFE10F /* AppView.swift */; };
		3EEE94B02B3C9F9200DFE10F /* Realm in Frameworks */ = {isa = PBXBuildFile; productRef = 3EEE94AF2B3C9F9200DFE10F /* Realm */; };
		3EEE94B22B3C9F9200DFE10F /* RealmSwift in Frameworks */ = {isa = PBXBuildFile; productRef = 3EEE94B12B3C9F9200DFE10F /* RealmSwift */; };
		3EEE94B52B3C9FE100DFE10F /* ComposableArchitecture in Frameworks */ = {isa = PBXBuildFile; productRef = 3EEE94B42B3C9FE100DFE10F /* ComposableArchitecture */; };
		3EEE94B82B3CA2DB00DFE10F /* ArboretumError.swift in Sources */ = {isa = PBXBuildFile; fileRef = 3EEE94B72B3CA2DB00DFE10F /* ArboretumError.swift */; };
		3EEE94BB2B3CA31200DFE10F /* Signal.swift in Sources */ = {isa = PBXBuildFile; fileRef = 3EEE94BA2B3CA31200DFE10F /* Signal.swift */; };
/* End PBXBuildFile section */

/* Begin PBXFileReference section */
		3E05B8F92B3B4DB000EE399E /* FeatureDetailView.swift */ = {isa = PBXFileReference; lastKnownFileType = sourcecode.swift; path = FeatureDetailView.swift; sourceTree = "<group>"; };
		3E05B8FB2B3B57BA00EE399E /* Localizable.xcstrings */ = {isa = PBXFileReference; lastKnownFileType = text.json.xcstrings; path = Localizable.xcstrings; sourceTree = "<group>"; };
		3E26CC0D2AB5CF80005F4475 /* PSUArboretum.app */ = {isa = PBXFileReference; explicitFileType = wrapper.application; includeInIndex = 0; path = PSUArboretum.app; sourceTree = BUILT_PRODUCTS_DIR; };
		3E26CC102AB5CF80005F4475 /* PSUArboretumApp.swift */ = {isa = PBXFileReference; lastKnownFileType = sourcecode.swift; path = PSUArboretumApp.swift; sourceTree = "<group>"; };
		3E26CC122AB5CF80005F4475 /* MapView.swift */ = {isa = PBXFileReference; lastKnownFileType = sourcecode.swift; path = MapView.swift; sourceTree = "<group>"; };
		3E26CC142AB5CF80005F4475 /* Assets.xcassets */ = {isa = PBXFileReference; lastKnownFileType = folder.assetcatalog; path = Assets.xcassets; sourceTree = "<group>"; };
		3E26CC172AB5CF80005F4475 /* Preview Assets.xcassets */ = {isa = PBXFileReference; lastKnownFileType = folder.assetcatalog; path = "Preview Assets.xcassets"; sourceTree = "<group>"; };
		3E26CC1E2AB5D64C005F4475 /* raw.json */ = {isa = PBXFileReference; fileEncoding = 4; lastKnownFileType = text.json; path = raw.json; sourceTree = "<group>"; };
		3E26CC212AB5D938005F4475 /* ArboretumFeature.swift */ = {isa = PBXFileReference; lastKnownFileType = sourcecode.swift; path = ArboretumFeature.swift; sourceTree = "<group>"; };
		3E26CC232AB5E3C4005F4475 /* DataReader.swift */ = {isa = PBXFileReference; lastKnownFileType = sourcecode.swift; path = DataReader.swift; sourceTree = "<group>"; };
		3E26CC392AB5FB6E005F4475 /* MapReducer.swift */ = {isa = PBXFileReference; lastKnownFileType = sourcecode.swift; path = MapReducer.swift; sourceTree = "<group>"; };
		3EA598AF2B3B6F26004B856E /* Colors.swift */ = {isa = PBXFileReference; lastKnownFileType = sourcecode.swift; path = Colors.swift; sourceTree = "<group>"; };
		3EA598B12B3B721F004B856E /* Extensions.swift */ = {isa = PBXFileReference; lastKnownFileType = sourcecode.swift; path = Extensions.swift; sourceTree = "<group>"; };
		3EA598B32B3B7832004B856E /* ArboOutlineButtonStyle.swift */ = {isa = PBXFileReference; lastKnownFileType = sourcecode.swift; path = ArboOutlineButtonStyle.swift; sourceTree = "<group>"; };
		3EEDE0792AB62D4B0087AFBF /* ArboEsriData.swift */ = {isa = PBXFileReference; lastKnownFileType = sourcecode.swift; path = ArboEsriData.swift; sourceTree = "<group>"; };
		3EEE94A82B3C5F4600DFE10F /* RealmArboretumFeature.swift */ = {isa = PBXFileReference; lastKnownFileType = sourcecode.swift; path = RealmArboretumFeature.swift; sourceTree = "<group>"; };
		3EEE94AA2B3C62CE00DFE10F /* AppReducer.swift */ = {isa = PBXFileReference; lastKnownFileType = sourcecode.swift; path = AppReducer.swift; sourceTree = "<group>"; };
		3EEE94AC2B3C838B00DFE10F /* AppView.swift */ = {isa = PBXFileReference; lastKnownFileType = sourcecode.swift; path = AppView.swift; sourceTree = "<group>"; };
		3EEE94B72B3CA2DB00DFE10F /* ArboretumError.swift */ = {isa = PBXFileReference; lastKnownFileType = sourcecode.swift; path = ArboretumError.swift; sourceTree = "<group>"; };
		3EEE94BA2B3CA31200DFE10F /* Signal.swift */ = {isa = PBXFileReference; lastKnownFileType = sourcecode.swift; path = Signal.swift; sourceTree = "<group>"; };
/* End PBXFileReference section */

/* Begin PBXFrameworksBuildPhase section */
		3E26CC0A2AB5CF80005F4475 /* Frameworks */ = {
			isa = PBXFrameworksBuildPhase;
			buildActionMask = 2147483647;
			files = (
				3EEE94B22B3C9F9200DFE10F /* RealmSwift in Frameworks */,
				3EEE94B02B3C9F9200DFE10F /* Realm in Frameworks */,
				3EEE94B52B3C9FE100DFE10F /* ComposableArchitecture in Frameworks */,
			);
			runOnlyForDeploymentPostprocessing = 0;
		};
/* End PBXFrameworksBuildPhase section */

/* Begin PBXGroup section */
		3E26CC042AB5CF80005F4475 = {
			isa = PBXGroup;
			children = (
				3E26CC0F2AB5CF80005F4475 /* PSUArboretum */,
				3E26CC0E2AB5CF80005F4475 /* Products */,
			);
			sourceTree = "<group>";
		};
		3E26CC0E2AB5CF80005F4475 /* Products */ = {
			isa = PBXGroup;
			children = (
				3E26CC0D2AB5CF80005F4475 /* PSUArboretum.app */,
			);
			name = Products;
			sourceTree = "<group>";
		};
		3E26CC0F2AB5CF80005F4475 /* PSUArboretum */ = {
			isa = PBXGroup;
			children = (
				3EEE94B92B3CA30000DFE10F /* Models */,
				3E26CC382AB5FB5B005F4475 /* Reducers */,
				3E26CC202AB5D8CF005F4475 /* Data */,
				3E26CC102AB5CF80005F4475 /* PSUArboretumApp.swift */,
				3EA598B52B3B798D004B856E /* Views */,
				3E26CC142AB5CF80005F4475 /* Assets.xcassets */,
				3E26CC162AB5CF80005F4475 /* Preview Content */,
				3E05B8FB2B3B57BA00EE399E /* Localizable.xcstrings */,
				3EA598B62B3B7999004B856E /* Style */,
				3EA598B12B3B721F004B856E /* Extensions.swift */,
			);
			path = PSUArboretum;
			sourceTree = "<group>";
		};
		3E26CC162AB5CF80005F4475 /* Preview Content */ = {
			isa = PBXGroup;
			children = (
				3E26CC172AB5CF80005F4475 /* Preview Assets.xcassets */,
			);
			path = "Preview Content";
			sourceTree = "<group>";
		};
		3E26CC202AB5D8CF005F4475 /* Data */ = {
			isa = PBXGroup;
			children = (
				3EEE94A72B3C5F2A00DFE10F /* Realm */,
				3E26CC1E2AB5D64C005F4475 /* raw.json */,
				3E26CC212AB5D938005F4475 /* ArboretumFeature.swift */,
				3E26CC232AB5E3C4005F4475 /* DataReader.swift */,
				3EEDE0792AB62D4B0087AFBF /* ArboEsriData.swift */,
			);
			path = Data;
			sourceTree = "<group>";
		};
		3E26CC382AB5FB5B005F4475 /* Reducers */ = {
			isa = PBXGroup;
			children = (
				3E26CC392AB5FB6E005F4475 /* MapReducer.swift */,
				3EEE94AA2B3C62CE00DFE10F /* AppReducer.swift */,
			);
			path = Reducers;
			sourceTree = "<group>";
		};
		3EA598B52B3B798D004B856E /* Views */ = {
			isa = PBXGroup;
			children = (
				3E26CC122AB5CF80005F4475 /* MapView.swift */,
				3E05B8F92B3B4DB000EE399E /* FeatureDetailView.swift */,
				3EEE94AC2B3C838B00DFE10F /* AppView.swift */,
			);
			path = Views;
			sourceTree = "<group>";
		};
		3EA598B62B3B7999004B856E /* Style */ = {
			isa = PBXGroup;
			children = (
				3EA598AF2B3B6F26004B856E /* Colors.swift */,
				3EA598B32B3B7832004B856E /* ArboOutlineButtonStyle.swift */,
			);
			path = Style;
			sourceTree = "<group>";
		};
		3EEE94A72B3C5F2A00DFE10F /* Realm */ = {
			isa = PBXGroup;
			children = (
				3EEE94A82B3C5F4600DFE10F /* RealmArboretumFeature.swift */,
			);
			path = Realm;
			sourceTree = "<group>";
		};
		3EEE94B62B3CA2C900DFE10F /* App */ = {
			isa = PBXGroup;
			children = (
				3EEE94B72B3CA2DB00DFE10F /* ArboretumError.swift */,
			);
			path = App;
			sourceTree = "<group>";
		};
		3EEE94B92B3CA30000DFE10F /* Models */ = {
			isa = PBXGroup;
			children = (
				3EEE94B62B3CA2C900DFE10F /* App */,
				3EEE94BA2B3CA31200DFE10F /* Signal.swift */,
			);
			path = Models;
			sourceTree = "<group>";
		};
/* End PBXGroup section */

/* Begin PBXNativeTarget section */
		3E26CC0C2AB5CF80005F4475 /* PSUArboretum */ = {
			isa = PBXNativeTarget;
			buildConfigurationList = 3E26CC1B2AB5CF80005F4475 /* Build configuration list for PBXNativeTarget "PSUArboretum" */;
			buildPhases = (
				3E26CC092AB5CF80005F4475 /* Sources */,
				3E26CC0A2AB5CF80005F4475 /* Frameworks */,
				3E26CC0B2AB5CF80005F4475 /* Resources */,
			);
			buildRules = (
			);
			dependencies = (
			);
			name = PSUArboretum;
			packageProductDependencies = (
				3EEE94AF2B3C9F9200DFE10F /* Realm */,
				3EEE94B12B3C9F9200DFE10F /* RealmSwift */,
				3EEE94B42B3C9FE100DFE10F /* ComposableArchitecture */,
			);
			productName = PSUArboretum;
			productReference = 3E26CC0D2AB5CF80005F4475 /* PSUArboretum.app */;
			productType = "com.apple.product-type.application";
		};
/* End PBXNativeTarget section */

/* Begin PBXProject section */
		3E26CC052AB5CF80005F4475 /* Project object */ = {
			isa = PBXProject;
			attributes = {
				BuildIndependentTargetsInParallel = 1;
				LastSwiftUpdateCheck = 1430;
				LastUpgradeCheck = 1500;
				TargetAttributes = {
					3E26CC0C2AB5CF80005F4475 = {
						CreatedOnToolsVersion = 14.3.1;
					};
				};
			};
			buildConfigurationList = 3E26CC082AB5CF80005F4475 /* Build configuration list for PBXProject "PSUArboretum" */;
			compatibilityVersion = "Xcode 14.0";
			developmentRegion = en;
			hasScannedForEncodings = 0;
			knownRegions = (
				en,
				Base,
				"en-US",
			);
			mainGroup = 3E26CC042AB5CF80005F4475;
			packageReferences = (
				3EEE94AE2B3C9F9200DFE10F /* XCRemoteSwiftPackageReference "realm-swift" */,
				3EEE94B32B3C9FE100DFE10F /* XCRemoteSwiftPackageReference "swift-composable-architecture" */,
			);
			productRefGroup = 3E26CC0E2AB5CF80005F4475 /* Products */;
			projectDirPath = "";
			projectRoot = "";
			targets = (
				3E26CC0C2AB5CF80005F4475 /* PSUArboretum */,
			);
		};
/* End PBXProject section */

/* Begin PBXResourcesBuildPhase section */
		3E26CC0B2AB5CF80005F4475 /* Resources */ = {
			isa = PBXResourcesBuildPhase;
			buildActionMask = 2147483647;
			files = (
				3E26CC182AB5CF80005F4475 /* Preview Assets.xcassets in Resources */,
				3E26CC152AB5CF80005F4475 /* Assets.xcassets in Resources */,
				3E05B8FC2B3B57BA00EE399E /* Localizable.xcstrings in Resources */,
				3E26CC1F2AB5D64D005F4475 /* raw.json in Resources */,
			);
			runOnlyForDeploymentPostprocessing = 0;
		};
/* End PBXResourcesBuildPhase section */

/* Begin PBXSourcesBuildPhase section */
		3E26CC092AB5CF80005F4475 /* Sources */ = {
			isa = PBXSourcesBuildPhase;
			buildActionMask = 2147483647;
			files = (
				3EEE94AD2B3C838B00DFE10F /* AppView.swift in Sources */,
				3EEE94BB2B3CA31200DFE10F /* Signal.swift in Sources */,
				3E05B8FA2B3B4DB000EE399E /* FeatureDetailView.swift in Sources */,
				3EA598B22B3B721F004B856E /* Extensions.swift in Sources */,
				3EA598B02B3B6F26004B856E /* Colors.swift in Sources */,
				3E26CC242AB5E3C4005F4475 /* DataReader.swift in Sources */,
				3E26CC222AB5D938005F4475 /* ArboretumFeature.swift in Sources */,
				3E26CC132AB5CF80005F4475 /* MapView.swift in Sources */,
				3EA598B42B3B7832004B856E /* ArboOutlineButtonStyle.swift in Sources */,
				3E26CC3A2AB5FB6E005F4475 /* MapReducer.swift in Sources */,
				3EEDE07A2AB62D4B0087AFBF /* ArboEsriData.swift in Sources */,
				3EEE94AB2B3C62CE00DFE10F /* AppReducer.swift in Sources */,
				3E26CC112AB5CF80005F4475 /* PSUArboretumApp.swift in Sources */,
				3EEE94B82B3CA2DB00DFE10F /* ArboretumError.swift in Sources */,
				3EEE94A92B3C5F4600DFE10F /* RealmArboretumFeature.swift in Sources */,
			);
			runOnlyForDeploymentPostprocessing = 0;
		};
/* End PBXSourcesBuildPhase section */

/* Begin XCBuildConfiguration section */
		3E26CC192AB5CF80005F4475 /* Debug */ = {
			isa = XCBuildConfiguration;
			buildSettings = {
				ALWAYS_SEARCH_USER_PATHS = NO;
				CLANG_ANALYZER_LOCALIZABILITY_NONLOCALIZED = YES;
				CLANG_ANALYZER_NONNULL = YES;
				CLANG_ANALYZER_NUMBER_OBJECT_CONVERSION = YES_AGGRESSIVE;
				CLANG_CXX_LANGUAGE_STANDARD = "gnu++20";
				CLANG_ENABLE_MODULES = YES;
				CLANG_ENABLE_OBJC_ARC = YES;
				CLANG_ENABLE_OBJC_WEAK = YES;
				CLANG_WARN_BLOCK_CAPTURE_AUTORELEASING = YES;
				CLANG_WARN_BOOL_CONVERSION = YES;
				CLANG_WARN_COMMA = YES;
				CLANG_WARN_CONSTANT_CONVERSION = YES;
				CLANG_WARN_DEPRECATED_OBJC_IMPLEMENTATIONS = YES;
				CLANG_WARN_DIRECT_OBJC_ISA_USAGE = YES_ERROR;
				CLANG_WARN_DOCUMENTATION_COMMENTS = YES;
				CLANG_WARN_EMPTY_BODY = YES;
				CLANG_WARN_ENUM_CONVERSION = YES;
				CLANG_WARN_INFINITE_RECURSION = YES;
				CLANG_WARN_INT_CONVERSION = YES;
				CLANG_WARN_NON_LITERAL_NULL_CONVERSION = YES;
				CLANG_WARN_OBJC_IMPLICIT_RETAIN_SELF = YES;
				CLANG_WARN_OBJC_LITERAL_CONVERSION = YES;
				CLANG_WARN_OBJC_ROOT_CLASS = YES_ERROR;
				CLANG_WARN_QUOTED_INCLUDE_IN_FRAMEWORK_HEADER = YES;
				CLANG_WARN_RANGE_LOOP_ANALYSIS = YES;
				CLANG_WARN_STRICT_PROTOTYPES = YES;
				CLANG_WARN_SUSPICIOUS_MOVE = YES;
				CLANG_WARN_UNGUARDED_AVAILABILITY = YES_AGGRESSIVE;
				CLANG_WARN_UNREACHABLE_CODE = YES;
				CLANG_WARN__DUPLICATE_METHOD_MATCH = YES;
				COPY_PHASE_STRIP = NO;
				DEBUG_INFORMATION_FORMAT = dwarf;
				ENABLE_STRICT_OBJC_MSGSEND = YES;
				ENABLE_TESTABILITY = YES;
				ENABLE_USER_SCRIPT_SANDBOXING = YES;
				GCC_C_LANGUAGE_STANDARD = gnu11;
				GCC_DYNAMIC_NO_PIC = NO;
				GCC_NO_COMMON_BLOCKS = YES;
				GCC_OPTIMIZATION_LEVEL = 0;
				GCC_PREPROCESSOR_DEFINITIONS = (
					"DEBUG=1",
					"$(inherited)",
				);
				GCC_WARN_64_TO_32_BIT_CONVERSION = YES;
				GCC_WARN_ABOUT_RETURN_TYPE = YES_ERROR;
				GCC_WARN_UNDECLARED_SELECTOR = YES;
				GCC_WARN_UNINITIALIZED_AUTOS = YES_AGGRESSIVE;
				GCC_WARN_UNUSED_FUNCTION = YES;
				GCC_WARN_UNUSED_VARIABLE = YES;
				IPHONEOS_DEPLOYMENT_TARGET = 16.4;
				MTL_ENABLE_DEBUG_INFO = INCLUDE_SOURCE;
				MTL_FAST_MATH = YES;
				ONLY_ACTIVE_ARCH = YES;
				SDKROOT = iphoneos;
				SWIFT_ACTIVE_COMPILATION_CONDITIONS = DEBUG;
				SWIFT_OPTIMIZATION_LEVEL = "-Onone";
			};
			name = Debug;
		};
		3E26CC1A2AB5CF80005F4475 /* Release */ = {
			isa = XCBuildConfiguration;
			buildSettings = {
				ALWAYS_SEARCH_USER_PATHS = NO;
				CLANG_ANALYZER_LOCALIZABILITY_NONLOCALIZED = YES;
				CLANG_ANALYZER_NONNULL = YES;
				CLANG_ANALYZER_NUMBER_OBJECT_CONVERSION = YES_AGGRESSIVE;
				CLANG_CXX_LANGUAGE_STANDARD = "gnu++20";
				CLANG_ENABLE_MODULES = YES;
				CLANG_ENABLE_OBJC_ARC = YES;
				CLANG_ENABLE_OBJC_WEAK = YES;
				CLANG_WARN_BLOCK_CAPTURE_AUTORELEASING = YES;
				CLANG_WARN_BOOL_CONVERSION = YES;
				CLANG_WARN_COMMA = YES;
				CLANG_WARN_CONSTANT_CONVERSION = YES;
				CLANG_WARN_DEPRECATED_OBJC_IMPLEMENTATIONS = YES;
				CLANG_WARN_DIRECT_OBJC_ISA_USAGE = YES_ERROR;
				CLANG_WARN_DOCUMENTATION_COMMENTS = YES;
				CLANG_WARN_EMPTY_BODY = YES;
				CLANG_WARN_ENUM_CONVERSION = YES;
				CLANG_WARN_INFINITE_RECURSION = YES;
				CLANG_WARN_INT_CONVERSION = YES;
				CLANG_WARN_NON_LITERAL_NULL_CONVERSION = YES;
				CLANG_WARN_OBJC_IMPLICIT_RETAIN_SELF = YES;
				CLANG_WARN_OBJC_LITERAL_CONVERSION = YES;
				CLANG_WARN_OBJC_ROOT_CLASS = YES_ERROR;
				CLANG_WARN_QUOTED_INCLUDE_IN_FRAMEWORK_HEADER = YES;
				CLANG_WARN_RANGE_LOOP_ANALYSIS = YES;
				CLANG_WARN_STRICT_PROTOTYPES = YES;
				CLANG_WARN_SUSPICIOUS_MOVE = YES;
				CLANG_WARN_UNGUARDED_AVAILABILITY = YES_AGGRESSIVE;
				CLANG_WARN_UNREACHABLE_CODE = YES;
				CLANG_WARN__DUPLICATE_METHOD_MATCH = YES;
				COPY_PHASE_STRIP = NO;
				DEBUG_INFORMATION_FORMAT = "dwarf-with-dsym";
				ENABLE_NS_ASSERTIONS = NO;
				ENABLE_STRICT_OBJC_MSGSEND = YES;
				ENABLE_USER_SCRIPT_SANDBOXING = YES;
				GCC_C_LANGUAGE_STANDARD = gnu11;
				GCC_NO_COMMON_BLOCKS = YES;
				GCC_WARN_64_TO_32_BIT_CONVERSION = YES;
				GCC_WARN_ABOUT_RETURN_TYPE = YES_ERROR;
				GCC_WARN_UNDECLARED_SELECTOR = YES;
				GCC_WARN_UNINITIALIZED_AUTOS = YES_AGGRESSIVE;
				GCC_WARN_UNUSED_FUNCTION = YES;
				GCC_WARN_UNUSED_VARIABLE = YES;
				IPHONEOS_DEPLOYMENT_TARGET = 16.4;
				MTL_ENABLE_DEBUG_INFO = NO;
				MTL_FAST_MATH = YES;
				SDKROOT = iphoneos;
				SWIFT_COMPILATION_MODE = wholemodule;
				SWIFT_OPTIMIZATION_LEVEL = "-O";
				VALIDATE_PRODUCT = YES;
			};
			name = Release;
		};
		3E26CC1C2AB5CF80005F4475 /* Debug */ = {
			isa = XCBuildConfiguration;
			buildSettings = {
				ASSETCATALOG_COMPILER_APPICON_NAME = AppIcon;
				ASSETCATALOG_COMPILER_GLOBAL_ACCENT_COLOR_NAME = AccentColor;
				CODE_SIGN_STYLE = Automatic;
				CURRENT_PROJECT_VERSION = 1;
				DEVELOPMENT_ASSET_PATHS = "\"PSUArboretum/Preview Content\"";
				ENABLE_PREVIEWS = YES;
				GENERATE_INFOPLIST_FILE = YES;
				INFOPLIST_KEY_UIApplicationSceneManifest_Generation = YES;
				INFOPLIST_KEY_UIApplicationSupportsIndirectInputEvents = YES;
				INFOPLIST_KEY_UILaunchScreen_Generation = YES;
				INFOPLIST_KEY_UISupportedInterfaceOrientations_iPad = "UIInterfaceOrientationPortrait UIInterfaceOrientationPortraitUpsideDown UIInterfaceOrientationLandscapeLeft UIInterfaceOrientationLandscapeRight";
				INFOPLIST_KEY_UISupportedInterfaceOrientations_iPhone = "UIInterfaceOrientationPortrait UIInterfaceOrientationLandscapeLeft UIInterfaceOrientationLandscapeRight";
				IPHONEOS_DEPLOYMENT_TARGET = 17.0;
				LD_RUNPATH_SEARCH_PATHS = (
					"$(inherited)",
					"@executable_path/Frameworks",
				);
				MARKETING_VERSION = 1.0;
				PRODUCT_BUNDLE_IDENTIFIER = edu.psu.arboretum;
				PRODUCT_NAME = "$(TARGET_NAME)";
				SWIFT_EMIT_LOC_STRINGS = YES;
				SWIFT_VERSION = 5.0;
				TARGETED_DEVICE_FAMILY = "1,2";
			};
			name = Debug;
		};
		3E26CC1D2AB5CF80005F4475 /* Release */ = {
			isa = XCBuildConfiguration;
			buildSettings = {
				ASSETCATALOG_COMPILER_APPICON_NAME = AppIcon;
				ASSETCATALOG_COMPILER_GLOBAL_ACCENT_COLOR_NAME = AccentColor;
				CODE_SIGN_STYLE = Automatic;
				CURRENT_PROJECT_VERSION = 1;
				DEVELOPMENT_ASSET_PATHS = "\"PSUArboretum/Preview Content\"";
				ENABLE_PREVIEWS = YES;
				GENERATE_INFOPLIST_FILE = YES;
				INFOPLIST_KEY_UIApplicationSceneManifest_Generation = YES;
				INFOPLIST_KEY_UIApplicationSupportsIndirectInputEvents = YES;
				INFOPLIST_KEY_UILaunchScreen_Generation = YES;
				INFOPLIST_KEY_UISupportedInterfaceOrientations_iPad = "UIInterfaceOrientationPortrait UIInterfaceOrientationPortraitUpsideDown UIInterfaceOrientationLandscapeLeft UIInterfaceOrientationLandscapeRight";
				INFOPLIST_KEY_UISupportedInterfaceOrientations_iPhone = "UIInterfaceOrientationPortrait UIInterfaceOrientationLandscapeLeft UIInterfaceOrientationLandscapeRight";
				IPHONEOS_DEPLOYMENT_TARGET = 17.0;
				LD_RUNPATH_SEARCH_PATHS = (
					"$(inherited)",
					"@executable_path/Frameworks",
				);
				MARKETING_VERSION = 1.0;
				PRODUCT_BUNDLE_IDENTIFIER = edu.psu.arboretum;
				PRODUCT_NAME = "$(TARGET_NAME)";
				SWIFT_EMIT_LOC_STRINGS = YES;
				SWIFT_VERSION = 5.0;
				TARGETED_DEVICE_FAMILY = "1,2";
			};
			name = Release;
		};
/* End XCBuildConfiguration section */

/* Begin XCConfigurationList section */
		3E26CC082AB5CF80005F4475 /* Build configuration list for PBXProject "PSUArboretum" */ = {
			isa = XCConfigurationList;
			buildConfigurations = (
				3E26CC192AB5CF80005F4475 /* Debug */,
				3E26CC1A2AB5CF80005F4475 /* Release */,
			);
			defaultConfigurationIsVisible = 0;
			defaultConfigurationName = Release;
		};
		3E26CC1B2AB5CF80005F4475 /* Build configuration list for PBXNativeTarget "PSUArboretum" */ = {
			isa = XCConfigurationList;
			buildConfigurations = (
				3E26CC1C2AB5CF80005F4475 /* Debug */,
				3E26CC1D2AB5CF80005F4475 /* Release */,
			);
			defaultConfigurationIsVisible = 0;
			defaultConfigurationName = Release;
		};
/* End XCConfigurationList section */

/* Begin XCRemoteSwiftPackageReference section */
		3EEE94AE2B3C9F9200DFE10F /* XCRemoteSwiftPackageReference "realm-swift" */ = {
			isa = XCRemoteSwiftPackageReference;
			repositoryURL = "https://github.com/realm/realm-swift.git";
			requirement = {
				kind = upToNextMajorVersion;
				minimumVersion = 10.45.2;
			};
		};
		3EEE94B32B3C9FE100DFE10F /* XCRemoteSwiftPackageReference "swift-composable-architecture" */ = {
			isa = XCRemoteSwiftPackageReference;
			repositoryURL = "https://github.com/pointfreeco/swift-composable-architecture";
			requirement = {
				kind = upToNextMajorVersion;
				minimumVersion = 1.5.6;
			};
		};
/* End XCRemoteSwiftPackageReference section */

/* Begin XCSwiftPackageProductDependency section */
		3EEE94AF2B3C9F9200DFE10F /* Realm */ = {
			isa = XCSwiftPackageProductDependency;
			package = 3EEE94AE2B3C9F9200DFE10F /* XCRemoteSwiftPackageReference "realm-swift" */;
			productName = Realm;
		};
		3EEE94B12B3C9F9200DFE10F /* RealmSwift */ = {
			isa = XCSwiftPackageProductDependency;
			package = 3EEE94AE2B3C9F9200DFE10F /* XCRemoteSwiftPackageReference "realm-swift" */;
			productName = RealmSwift;
		};
		3EEE94B42B3C9FE100DFE10F /* ComposableArchitecture */ = {
			isa = XCSwiftPackageProductDependency;
			package = 3EEE94B32B3C9FE100DFE10F /* XCRemoteSwiftPackageReference "swift-composable-architecture" */;
			productName = ComposableArchitecture;
		};
/* End XCSwiftPackageProductDependency section */
	};
	rootObject = 3E26CC052AB5CF80005F4475 /* Project object */;
}
